
Microsoft Visual Studio Solution File, Format Version 12.00
# Visual Studio 15
VisualStudioVersion = 15.0.28307.902
MinimumVisualStudioVersion = 10.0.40219.1
Project("{FAE04EC0-301F-11D3-BF4B-00C04F79EFBC}") = "Messenger", "Messenger\Messenger.csproj", "{9CB8A651-A164-4D08-992A-8DFED6AB835C}"
EndProject
Global
	GlobalSection(SolutionConfigurationPlatforms) = preSolution
		Debug|Any CPU = Debug|Any CPU
		Release|Any CPU = Release|Any CPU
	EndGlobalSection
	GlobalSection(ProjectConfigurationPlatforms) = postSolution
		{9CB8A651-A164-4D08-992A-8DFED6AB835C}.Debug|Any CPU.ActiveCfg = Debug|Any CPU
		{9CB8A651-A164-4D08-992A-8DFED6AB835C}.Debug|Any CPU.Build.0 = Debug|Any CPU
		{9CB8A651-A164-4D08-992A-8DFED6AB835C}.Release|Any CPU.ActiveCfg = Release|Any CPU
		{9CB8A651-A164-4D08-992A-8DFED6AB835C}.Release|Any CPU.Build.0 = Release|Any CPU
	EndGlobalSection
	GlobalSection(SolutionProperties) = preSolution
		HideSolutionNode = FALSE
	EndGlobalSection
	GlobalSection(ExtensibilityGlobals) = postSolution
		SolutionGuid = {A58EBF70-1DDD-412F-A363-2FF6BE25E3F5}
	EndGlobalSection
EndGlobal
